// !$*UTF8*$!
{
	archiveVersion = 1;
	classes = {
	};
	objectVersion = 50;
	objects = {

/* Begin PBXBuildFile section */
		0EEEBBC024DB3582002AFF78 /* AppDelegate.swift in Sources */ = {isa = PBXBuildFile; fileRef = 0EEEBBBF24DB3582002AFF78 /* AppDelegate.swift */; };
		0EEEBBC224DB3582002AFF78 /* SceneDelegate.swift in Sources */ = {isa = PBXBuildFile; fileRef = 0EEEBBC124DB3582002AFF78 /* SceneDelegate.swift */; };
		0EEEBBC424DB3582002AFF78 /* ViewController.swift in Sources */ = {isa = PBXBuildFile; fileRef = 0EEEBBC324DB3582002AFF78 /* ViewController.swift */; };
		0EEEBBC724DB3582002AFF78 /* Main.storyboard in Resources */ = {isa = PBXBuildFile; fileRef = 0EEEBBC524DB3582002AFF78 /* Main.storyboard */; };
		0EEEBBC924DB3584002AFF78 /* Assets.xcassets in Resources */ = {isa = PBXBuildFile; fileRef = 0EEEBBC824DB3584002AFF78 /* Assets.xcassets */; };
		0EEEBBCC24DB3584002AFF78 /* LaunchScreen.storyboard in Resources */ = {isa = PBXBuildFile; fileRef = 0EEEBBCA24DB3584002AFF78 /* LaunchScreen.storyboard */; };
/* End PBXBuildFile section */

/* Begin PBXFileReference section */
		0EEEBBBC24DB3582002AFF78 /* WeDo.app */ = {isa = PBXFileReference; explicitFileType = wrapper.application; includeInIndex = 0; path = WeDo.app; sourceTree = BUILT_PRODUCTS_DIR; };
		0EEEBBBF24DB3582002AFF78 /* AppDelegate.swift */ = {isa = PBXFileReference; lastKnownFileType = sourcecode.swift; path = AppDelegate.swift; sourceTree = "<group>"; };
		0EEEBBC124DB3582002AFF78 /* SceneDelegate.swift */ = {isa = PBXFileReference; lastKnownFileType = sourcecode.swift; path = SceneDelegate.swift; sourceTree = "<group>"; };
		0EEEBBC324DB3582002AFF78 /* ViewController.swift */ = {isa = PBXFileReference; lastKnownFileType = sourcecode.swift; path = ViewController.swift; sourceTree = "<group>"; };
		0EEEBBC624DB3582002AFF78 /* Base */ = {isa = PBXFileReference; lastKnownFileType = file.storyboard; name = Base; path = Base.lproj/Main.storyboard; sourceTree = "<group>"; };
		0EEEBBC824DB3584002AFF78 /* Assets.xcassets */ = {isa = PBXFileReference; lastKnownFileType = folder.assetcatalog; path = Assets.xcassets; sourceTree = "<group>"; };
		0EEEBBCB24DB3584002AFF78 /* Base */ = {isa = PBXFileReference; lastKnownFileType = file.storyboard; name = Base; path = Base.lproj/LaunchScreen.storyboard; sourceTree = "<group>"; };
		0EEEBBCD24DB3584002AFF78 /* Info.plist */ = {isa = PBXFileReference; lastKnownFileType = text.plist.xml; path = Info.plist; sourceTree = "<group>"; };
/* End PBXFileReference section */

/* Begin PBXFrameworksBuildPhase section */
		0EEEBBB924DB3582002AFF78 /* Frameworks */ = {
			isa = PBXFrameworksBuildPhase;
			buildActionMask = 2147483647;
			files = (
			);
			runOnlyForDeploymentPostprocessing = 0;
		};
/* End PBXFrameworksBuildPhase section */

/* Begin PBXGroup section */
		0EEEBBB324DB3581002AFF78 = {
			isa = PBXGroup;
			children = (
				0EEEBBBE24DB3582002AFF78 /* WeDo */,
				0EEEBBBD24DB3582002AFF78 /* Products */,
			);
			sourceTree = "<group>";
		};
		0EEEBBBD24DB3582002AFF78 /* Products */ = {
			isa = PBXGroup;
			children = (
				0EEEBBBC24DB3582002AFF78 /* WeDo.app */,
			);
			name = Products;
			sourceTree = "<group>";
		};
		0EEEBBBE24DB3582002AFF78 /* WeDo */ = {
			isa = PBXGroup;
			children = (
				0EEEBBBF24DB3582002AFF78 /* AppDelegate.swift */,
				0EEEBBC124DB3582002AFF78 /* SceneDelegate.swift */,
				0EEEBBC324DB3582002AFF78 /* ViewController.swift */,
				0EEEBBC524DB3582002AFF78 /* Main.storyboard */,
				0EEEBBC824DB3584002AFF78 /* Assets.xcassets */,
				0EEEBBCA24DB3584002AFF78 /* LaunchScreen.storyboard */,
				0EEEBBCD24DB3584002AFF78 /* Info.plist */,
			);
			path = WeDo;
			sourceTree = "<group>";
		};
/* End PBXGroup section */

/* Begin PBXNativeTarget section */
		0EEEBBBB24DB3582002AFF78 /* WeDo */ = {
			isa = PBXNativeTarget;
			buildConfigurationList = 0EEEBBD024DB3584002AFF78 /* Build configuration list for PBXNativeTarget "WeDo" */;
			buildPhases = (
				0EEEBBB824DB3582002AFF78 /* Sources */,
				0EEEBBB924DB3582002AFF78 /* Frameworks */,
				0EEEBBBA24DB3582002AFF78 /* Resources */,
			);
			buildRules = (
			);
			dependencies = (
			);
			name = WeDo;
			productName = WeDo;
			productReference = 0EEEBBBC24DB3582002AFF78 /* WeDo.app */;
			productType = "com.apple.product-type.application";
		};
/* End PBXNativeTarget section */

/* Begin PBXProject section */
		0EEEBBB424DB3581002AFF78 /* Project object */ = {
			isa = PBXProject;
			attributes = {
				LastSwiftUpdateCheck = 1130;
				LastUpgradeCheck = 1130;
				ORGANIZATIONNAME = Katsu;
				TargetAttributes = {
					0EEEBBBB24DB3582002AFF78 = {
						CreatedOnToolsVersion = 11.3.1;
					};
				};
			};
			buildConfigurationList = 0EEEBBB724DB3581002AFF78 /* Build configuration list for PBXProject "WeDo" */;
			compatibilityVersion = "Xcode 9.3";
			developmentRegion = en;
			hasScannedForEncodings = 0;
			knownRegions = (
				en,
				Base,
			);
			mainGroup = 0EEEBBB324DB3581002AFF78;
			productRefGroup = 0EEEBBBD24DB3582002AFF78 /* Products */;
			projectDirPath = "";
			projectRoot = "";
			targets = (
				0EEEBBBB24DB3582002AFF78 /* WeDo */,
			);
		};
/* End PBXProject section */

/* Begin PBXResourcesBuildPhase section */
		0EEEBBBA24DB3582002AFF78 /* Resources */ = {
			isa = PBXResourcesBuildPhase;
			buildActionMask = 2147483647;
			files = (
				0EEEBBCC24DB3584002AFF78 /* LaunchScreen.storyboard in Resources */,
				0EEEBBC924DB3584002AFF78 /* Assets.xcassets in Resources */,
				0EEEBBC724DB3582002AFF78 /* Main.storyboard in Resources */,
			);
			runOnlyForDeploymentPostprocessing = 0;
		};
/* End PBXResourcesBuildPhase section */

/* Begin PBXSourcesBuildPhase section */
		0EEEBBB824DB3582002AFF78 /* Sources */ = {
			isa = PBXSourcesBuildPhase;
			buildActionMask = 2147483647;
			files = (
				0EEEBBC424DB3582002AFF78 /* ViewController.swift in Sources */,
				0EEEBBC024DB3582002AFF78 /* AppDelegate.swift in Sources */,
				0EEEBBC224DB3582002AFF78 /* SceneDelegate.swift in Sources */,
			);
			runOnlyForDeploymentPostprocessing = 0;
		};
/* End PBXSourcesBuildPhase section */

/* Begin PBXVariantGroup section */
		0EEEBBC524DB3582002AFF78 /* Main.storyboard */ = {
			isa = PBXVariantGroup;
			children = (
				0EEEBBC624DB3582002AFF78 /* Base */,
			);
			name = Main.storyboard;
			sourceTree = "<group>";
		};
		0EEEBBCA24DB3584002AFF78 /* LaunchScreen.storyboard */ = {
			isa = PBXVariantGroup;
			children = (
				0EEEBBCB24DB3584002AFF78 /* Base */,
			);
			name = LaunchScreen.storyboard;
			sourceTree = "<group>";
		};
/* End PBXVariantGroup section */

/* Begin XCBuildConfiguration section */
		0EEEBBCE24DB3584002AFF78 /* Debug */ = {
			isa = XCBuildConfiguration;
			buildSettings = {
				ALWAYS_SEARCH_USER_PATHS = NO;
				CLANG_ANALYZER_NONNULL = YES;
				CLANG_ANALYZER_NUMBER_OBJECT_CONVERSION = YES_AGGRESSIVE;
				CLANG_CXX_LANGUAGE_STANDARD = "gnu++14";
				CLANG_CXX_LIBRARY = "libc++";
				CLANG_ENABLE_MODULES = YES;
				CLANG_ENABLE_OBJC_ARC = YES;
				CLANG_ENABLE_OBJC_WEAK = YES;
				CLANG_WARN_BLOCK_CAPTURE_AUTORELEASING = YES;
				CLANG_WARN_BOOL_CONVERSION = YES;
				CLANG_WARN_COMMA = YES;
				CLANG_WARN_CONSTANT_CONVERSION = YES;
				CLANG_WARN_DEPRECATED_OBJC_IMPLEMENTATIONS = YES;
				CLANG_WARN_DIRECT_OBJC_ISA_USAGE = YES_ERROR;
				CLANG_WARN_DOCUMENTATION_COMMENTS = YES;
				CLANG_WARN_EMPTY_BODY = YES;
				CLANG_WARN_ENUM_CONVERSION = YES;
				CLANG_WARN_INFINITE_RECURSION = YES;
				CLANG_WARN_INT_CONVERSION = YES;
				CLANG_WARN_NON_LITERAL_NULL_CONVERSION = YES;
				CLANG_WARN_OBJC_IMPLICIT_RETAIN_SELF = YES;
				CLANG_WARN_OBJC_LITERAL_CONVERSION = YES;
				CLANG_WARN_OBJC_ROOT_CLASS = YES_ERROR;
				CLANG_WARN_RANGE_LOOP_ANALYSIS = YES;
				CLANG_WARN_STRICT_PROTOTYPES = YES;
				CLANG_WARN_SUSPICIOUS_MOVE = YES;
				CLANG_WARN_UNGUARDED_AVAILABILITY = YES_AGGRESSIVE;
				CLANG_WARN_UNREACHABLE_CODE = YES;
				CLANG_WARN__DUPLICATE_METHOD_MATCH = YES;
				COPY_PHASE_STRIP = NO;
				DEBUG_INFORMATION_FORMAT = dwarf;
				ENABLE_STRICT_OBJC_MSGSEND = YES;
				ENABLE_TESTABILITY = YES;
				GCC_C_LANGUAGE_STANDARD = gnu11;
				GCC_DYNAMIC_NO_PIC = NO;
				GCC_NO_COMMON_BLOCKS = YES;
				GCC_OPTIMIZATION_LEVEL = 0;
				GCC_PREPROCESSOR_DEFINITIONS = (
					"DEBUG=1",
					"$(inherited)",
				);
				GCC_WARN_64_TO_32_BIT_CONVERSION = YES;
				GCC_WARN_ABOUT_RETURN_TYPE = YES_ERROR;
				GCC_WARN_UNDECLARED_SELECTOR = YES;
				GCC_WARN_UNINITIALIZED_AUTOS = YES_AGGRESSIVE;
				GCC_WARN_UNUSED_FUNCTION = YES;
				GCC_WARN_UNUSED_VARIABLE = YES;
				IPHONEOS_DEPLOYMENT_TARGET = 13.2;
				MTL_ENABLE_DEBUG_INFO = INCLUDE_SOURCE;
				MTL_FAST_MATH = YES;
				ONLY_ACTIVE_ARCH = YES;
				SDKROOT = iphoneos;
				SWIFT_ACTIVE_COMPILATION_CONDITIONS = DEBUG;
				SWIFT_OPTIMIZATION_LEVEL = "-Onone";
			};
			name = Debug;
		};
		0EEEBBCF24DB3584002AFF78 /* Release */ = {
			isa = XCBuildConfiguration;
			buildSettings = {
				ALWAYS_SEARCH_USER_PATHS = NO;
				CLANG_ANALYZER_NONNULL = YES;
				CLANG_ANALYZER_NUMBER_OBJECT_CONVERSION = YES_AGGRESSIVE;
				CLANG_CXX_LANGUAGE_STANDARD = "gnu++14";
				CLANG_CXX_LIBRARY = "libc++";
				CLANG_ENABLE_MODULES = YES;
				CLANG_ENABLE_OBJC_ARC = YES;
				CLANG_ENABLE_OBJC_WEAK = YES;
				CLANG_WARN_BLOCK_CAPTURE_AUTORELEASING = YES;
				CLANG_WARN_BOOL_CONVERSION = YES;
				CLANG_WARN_COMMA = YES;
				CLANG_WARN_CONSTANT_CONVERSION = YES;
				CLANG_WARN_DEPRECATED_OBJC_IMPLEMENTATIONS = YES;
				CLANG_WARN_DIRECT_OBJC_ISA_USAGE = YES_ERROR;
				CLANG_WARN_DOCUMENTATION_COMMENTS = YES;
				CLANG_WARN_EMPTY_BODY = YES;
				CLANG_WARN_ENUM_CONVERSION = YES;
				CLANG_WARN_INFINITE_RECURSION = YES;
				CLANG_WARN_INT_CONVERSION = YES;
				CLANG_WARN_NON_LITERAL_NULL_CONVERSION = YES;
				CLANG_WARN_OBJC_IMPLICIT_RETAIN_SELF = YES;
				CLANG_WARN_OBJC_LITERAL_CONVERSION = YES;
				CLANG_WARN_OBJC_ROOT_CLASS = YES_ERROR;
				CLANG_WARN_RANGE_LOOP_ANALYSIS = YES;
				CLANG_WARN_STRICT_PROTOTYPES = YES;
				CLANG_WARN_SUSPICIOUS_MOVE = YES;
				CLANG_WARN_UNGUARDED_AVAILABILITY = YES_AGGRESSIVE;
				CLANG_WARN_UNREACHABLE_CODE = YES;
				CLANG_WARN__DUPLICATE_METHOD_MATCH = YES;
				COPY_PHASE_STRIP = NO;
				DEBUG_INFORMATION_FORMAT = "dwarf-with-dsym";
				ENABLE_NS_ASSERTIONS = NO;
				ENABLE_STRICT_OBJC_MSGSEND = YES;
				GCC_C_LANGUAGE_STANDARD = gnu11;
				GCC_NO_COMMON_BLOCKS = YES;
				GCC_WARN_64_TO_32_BIT_CONVERSION = YES;
				GCC_WARN_ABOUT_RETURN_TYPE = YES_ERROR;
				GCC_WARN_UNDECLARED_SELECTOR = YES;
				GCC_WARN_UNINITIALIZED_AUTOS = YES_AGGRESSIVE;
				GCC_WARN_UNUSED_FUNCTION = YES;
				GCC_WARN_UNUSED_VARIABLE = YES;
				IPHONEOS_DEPLOYMENT_TARGET = 13.2;
				MTL_ENABLE_DEBUG_INFO = NO;
				MTL_FAST_MATH = YES;
				SDKROOT = iphoneos;
				SWIFT_COMPILATION_MODE = wholemodule;
				SWIFT_OPTIMIZATION_LEVEL = "-O";
				VALIDATE_PRODUCT = YES;
			};
			name = Release;
		};
		0EEEBBD124DB3584002AFF78 /* Debug */ = {
			isa = XCBuildConfiguration;
			buildSettings = {
				ASSETCATALOG_COMPILER_APPICON_NAME = AppIcon;
				CODE_SIGN_STYLE = Automatic;
				DEVELOPMENT_TEAM = 93DDK2VRJY;
				INFOPLIST_FILE = WeDo/Info.plist;
				LD_RUNPATH_SEARCH_PATHS = (
					"$(inherited)",
					"@executable_path/Frameworks",
				);
				PRODUCT_BUNDLE_IDENTIFIER = "Wajdi-Dahech.WeDo";
				PRODUCT_NAME = "$(TARGET_NAME)";
				SWIFT_VERSION = 5.0;
				TARGETED_DEVICE_FAMILY = "1,2";
			};
			name = Debug;
		};
		0EEEBBD224DB3584002AFF78 /* Release */ = {
			isa = XCBuildConfiguration;
			buildSettings = {
				ASSETCATALOG_COMPILER_APPICON_NAME = AppIcon;
				CODE_SIGN_STYLE = Automatic;
				DEVELOPMENT_TEAM = 93DDK2VRJY;
				INFOPLIST_FILE = WeDo/Info.plist;
				LD_RUNPATH_SEARCH_PATHS = (
					"$(inherited)",
					"@executable_path/Frameworks",
				);
				PRODUCT_BUNDLE_IDENTIFIER = "Wajdi-Dahech.WeDo";
				PRODUCT_NAME = "$(TARGET_NAME)";
				SWIFT_VERSION = 5.0;
				TARGETED_DEVICE_FAMILY = "1,2";
			};
			name = Release;
		};
/* End XCBuildConfiguration section */

/* Begin XCConfigurationList section */
		0EEEBBB724DB3581002AFF78 /* Build configuration list for PBXProject "WeDo" */ = {
			isa = XCConfigurationList;
			buildConfigurations = (
				0EEEBBCE24DB3584002AFF78 /* Debug */,
				0EEEBBCF24DB3584002AFF78 /* Release */,
			);
			defaultConfigurationIsVisible = 0;
			defaultConfigurationName = Release;
		};
		0EEEBBD024DB3584002AFF78 /* Build configuration list for PBXNativeTarget "WeDo" */ = {
			isa = XCConfigurationList;
			buildConfigurations = (
				0EEEBBD124DB3584002AFF78 /* Debug */,
				0EEEBBD224DB3584002AFF78 /* Release */,
			);
			defaultConfigurationIsVisible = 0;
			defaultConfigurationName = Release;
		};
/* End XCConfigurationList section */
	};
	rootObject = 0EEEBBB424DB3581002AFF78 /* Project object */;
}
